
Microsoft Visual Studio Solution File, Format Version 12.00
# Visual Studio Version 17
VisualStudioVersion = 17.9.34616.47
MinimumVisualStudioVersion = 10.0.40219.1
Project("{9A19103F-16F7-4668-BE54-9A1E7A4F7556}") = "LibreHWM-MQTT", "LibreHWM-MQTT.csproj", "{54965352-297E-48A4-9E5A-5BE06CA32686}"
EndProject
Global
	GlobalSection(SolutionConfigurationPlatforms) = preSolution
		Debug|Any CPU = Debug|Any CPU
		Debug|ARM64 = Debug|ARM64
		Debug|x64 = Debug|x64
		Debug|x86 = Debug|x86
		Release|Any CPU = Release|Any CPU
		Release|ARM64 = Release|ARM64
		Release|x64 = Release|x64
		Release|x86 = Release|x86
	EndGlobalSection
	GlobalSection(ProjectConfigurationPlatforms) = postSolution
		{54965352-297E-48A4-9E5A-5BE06CA32686}.Debug|Any CPU.ActiveCfg = Debug|Any CPU
		{54965352-297E-48A4-9E5A-5BE06CA32686}.Debug|Any CPU.Build.0 = Debug|Any CPU
		{54965352-297E-48A4-9E5A-5BE06CA32686}.Debug|ARM64.ActiveCfg = Debug|Any CPU
		{54965352-297E-48A4-9E5A-5BE06CA32686}.Debug|ARM64.Build.0 = Debug|Any CPU
		{54965352-297E-48A4-9E5A-5BE06CA32686}.Debug|x64.ActiveCfg = Debug|Any CPU
		{54965352-297E-48A4-9E5A-5BE06CA32686}.Debug|x64.Build.0 = Debug|Any CPU
		{54965352-297E-48A4-9E5A-5BE06CA32686}.Debug|x86.ActiveCfg = Debug|Any CPU
		{54965352-297E-48A4-9E5A-5BE06CA32686}.Debug|x86.Build.0 = Debug|Any CPU
		{54965352-297E-48A4-9E5A-5BE06CA32686}.Release|Any CPU.ActiveCfg = Release|Any CPU
		{54965352-297E-48A4-9E5A-5BE06CA32686}.Release|Any CPU.Build.0 = Release|Any CPU
		{54965352-297E-48A4-9E5A-5BE06CA32686}.Release|ARM64.ActiveCfg = Release|Any CPU
		{54965352-297E-48A4-9E5A-5BE06CA32686}.Release|ARM64.Build.0 = Release|Any CPU
		{54965352-297E-48A4-9E5A-5BE06CA32686}.Release|x64.ActiveCfg = Release|Any CPU
		{54965352-297E-48A4-9E5A-5BE06CA32686}.Release|x64.Build.0 = Release|Any CPU
		{54965352-297E-48A4-9E5A-5BE06CA32686}.Release|x86.ActiveCfg = Release|Any CPU
		{54965352-297E-48A4-9E5A-5BE06CA32686}.Release|x86.Build.0 = Release|Any CPU
	EndGlobalSection
	GlobalSection(SolutionProperties) = preSolution
		HideSolutionNode = FALSE
	EndGlobalSection
	GlobalSection(ExtensibilityGlobals) = postSolution
		SolutionGuid = {6C957840-C130-46D2-A905-2CEB162EEA4D}
	EndGlobalSection
EndGlobal
